
Microsoft Visual Studio Solution File, Format Version 12.00
# Visual Studio Version 17
VisualStudioVersion = 17.8.34316.72
MinimumVisualStudioVersion = 10.0.40219.1
Project("{FAE04EC0-301F-11D3-BF4B-00C04F79EFBC}") = "CollectionDataBinding", "CollectionDataBinding\CollectionDataBinding.csproj", "{CE9384F2-8184-4DAC-B26D-BB208B48DCC8}"
EndProject
Global
	GlobalSection(SolutionConfigurationPlatforms) = preSolution
		Debug|Any CPU = Debug|Any CPU
		Release|Any CPU = Release|Any CPU
	EndGlobalSection
	GlobalSection(ProjectConfigurationPlatforms) = postSolution
		{CE9384F2-8184-4DAC-B26D-BB208B48DCC8}.Debug|Any CPU.ActiveCfg = Debug|Any CPU
		{CE9384F2-8184-4DAC-B26D-BB208B48DCC8}.Debug|Any CPU.Build.0 = Debug|Any CPU
		{CE9384F2-8184-4DAC-B26D-BB208B48DCC8}.Release|Any CPU.ActiveCfg = Release|Any CPU
		{CE9384F2-8184-4DAC-B26D-BB208B48DCC8}.Release|Any CPU.Build.0 = Release|Any CPU
	EndGlobalSection
	GlobalSection(SolutionProperties) = preSolution
		HideSolutionNode = FALSE
	EndGlobalSection
	GlobalSection(ExtensibilityGlobals) = postSolution
		SolutionGuid = {CA964A1A-38FE-460E-A048-8A7E525530C7}
	EndGlobalSection
EndGlobal
